
Microsoft Visual Studio Solution File, Format Version 12.00
# Visual Studio 2012
Project("{FAE04EC0-301F-11D3-BF4B-00C04F79EFBC}") = "Anagrams", "Anagrams\Anagrams.csproj", "{9BA04DAD-AE73-4D19-A8AB-4F4FDB1D8EA5}"
EndProject
Project("{FAE04EC0-301F-11D3-BF4B-00C04F79EFBC}") = "Anagrams.Tests", "Anagrams.Tests\Anagrams.Tests.csproj", "{BAF23CB1-8BFC-4CDE-9982-251A43299D4F}"
EndProject
Global
	GlobalSection(SolutionConfigurationPlatforms) = preSolution
		Debug|Any CPU = Debug|Any CPU
		Release|Any CPU = Release|Any CPU
	EndGlobalSection
	GlobalSection(ProjectConfigurationPlatforms) = postSolution
		{9BA04DAD-AE73-4D19-A8AB-4F4FDB1D8EA5}.Debug|Any CPU.ActiveCfg = Debug|Any CPU
		{9BA04DAD-AE73-4D19-A8AB-4F4FDB1D8EA5}.Debug|Any CPU.Build.0 = Debug|Any CPU
		{9BA04DAD-AE73-4D19-A8AB-4F4FDB1D8EA5}.Release|Any CPU.ActiveCfg = Release|Any CPU
		{9BA04DAD-AE73-4D19-A8AB-4F4FDB1D8EA5}.Release|Any CPU.Build.0 = Release|Any CPU
		{BAF23CB1-8BFC-4CDE-9982-251A43299D4F}.Debug|Any CPU.ActiveCfg = Debug|Any CPU
		{BAF23CB1-8BFC-4CDE-9982-251A43299D4F}.Debug|Any CPU.Build.0 = Debug|Any CPU
		{BAF23CB1-8BFC-4CDE-9982-251A43299D4F}.Release|Any CPU.ActiveCfg = Release|Any CPU
		{BAF23CB1-8BFC-4CDE-9982-251A43299D4F}.Release|Any CPU.Build.0 = Release|Any CPU
	EndGlobalSection
EndGlobal
